
Microsoft Visual Studio Solution File, Format Version 12.00
# Visual Studio 15
Project("{FAE04EC0-301F-11D3-BF4B-00C04F79EFBC}") = "Assembly-CSharp", "Assembly-CSharp.csproj", "{04F7A4ED-102C-B5BA-24A3-58DB6AF303DB}"
EndProject
Project("{FAE04EC0-301F-11D3-BF4B-00C04F79EFBC}") = "Assembly-CSharp-Editor", "Assembly-CSharp-Editor.csproj", "{4140D3A4-CD84-041B-94B0-0A5B9D25E061}"
EndProject
Global
	GlobalSection(SolutionConfigurationPlatforms) = preSolution
		Debug|Any CPU = Debug|Any CPU
		Release|Any CPU = Release|Any CPU
	EndGlobalSection
	GlobalSection(ProjectConfigurationPlatforms) = postSolution
		{04F7A4ED-102C-B5BA-24A3-58DB6AF303DB}.Debug|Any CPU.ActiveCfg = Debug|Any CPU
		{04F7A4ED-102C-B5BA-24A3-58DB6AF303DB}.Debug|Any CPU.Build.0 = Debug|Any CPU
		{04F7A4ED-102C-B5BA-24A3-58DB6AF303DB}.Release|Any CPU.ActiveCfg = Release|Any CPU
		{04F7A4ED-102C-B5BA-24A3-58DB6AF303DB}.Release|Any CPU.Build.0 = Release|Any CPU
		{4140D3A4-CD84-041B-94B0-0A5B9D25E061}.Debug|Any CPU.ActiveCfg = Debug|Any CPU
		{4140D3A4-CD84-041B-94B0-0A5B9D25E061}.Debug|Any CPU.Build.0 = Debug|Any CPU
		{4140D3A4-CD84-041B-94B0-0A5B9D25E061}.Release|Any CPU.ActiveCfg = Release|Any CPU
		{4140D3A4-CD84-041B-94B0-0A5B9D25E061}.Release|Any CPU.Build.0 = Release|Any CPU
	EndGlobalSection
	GlobalSection(SolutionProperties) = preSolution
		HideSolutionNode = FALSE
	EndGlobalSection
EndGlobal
